
Microsoft Visual Studio Solution File, Format Version 12.00
# Visual Studio Version 17
VisualStudioVersion = 17.3.32922.545
MinimumVisualStudioVersion = 10.0.40219.1
Project("{9A19103F-16F7-4668-BE54-9A1E7A4F7556}") = "Amusoft.Templates", "Amusoft.Templates\Amusoft.Templates.csproj", "{6EE782EB-3F6D-4008-B8F3-B7885206AA29}"
EndProject
Project("{9A19103F-16F7-4668-BE54-9A1E7A4F7556}") = "Amusoft.Templates.Tests", "..\tests\Amusoft.Templates.Tests\Amusoft.Templates.Tests.csproj", "{3EBAB693-B422-4AFB-8BA5-54DC491912B4}"
EndProject
Project("{2150E333-8FDC-42A3-9474-1A3956D46DE8}") = "package", "package", "{53F69D64-462B-4F85-80FD-DB90B3FD10E4}"
	ProjectSection(SolutionItems) = preProject
		..\.github\workflows\dotnet.yml = ..\.github\workflows\dotnet.yml
		..\README.md = ..\README.md
		..\.gitignore = ..\.gitignore
	EndProjectSection
EndProject
Project("{2150E333-8FDC-42A3-9474-1A3956D46DE8}") = "scripts", "scripts", "{C5D52DD7-2F0F-44A2-ADE6-4EF57538D05B}"
	ProjectSection(SolutionItems) = preProject
		..\scripts\buildpackage.ps1 = ..\scripts\buildpackage.ps1
		..\scripts\local.ps1 = ..\scripts\local.ps1
		..\scripts\packinstall.ps1 = ..\scripts\packinstall.ps1
		..\scripts\packreinstall.ps1 = ..\scripts\packreinstall.ps1
		..\scripts\packremove.ps1 = ..\scripts\packremove.ps1
	EndProjectSection
EndProject
Project("{2150E333-8FDC-42A3-9474-1A3956D46DE8}") = "src", "src", "{F8558DF4-61C5-43F5-ABD3-B8716CB4D53B}"
EndProject
Project("{2150E333-8FDC-42A3-9474-1A3956D46DE8}") = "tests", "tests", "{214C449E-0985-4D6E-B2A5-6829AB22A988}"
EndProject
Global
	GlobalSection(SolutionConfigurationPlatforms) = preSolution
		Debug|Any CPU = Debug|Any CPU
		Debug|x64 = Debug|x64
		Debug|x86 = Debug|x86
		Release|Any CPU = Release|Any CPU
		Release|x64 = Release|x64
		Release|x86 = Release|x86
	EndGlobalSection
	GlobalSection(ProjectConfigurationPlatforms) = postSolution
		{6EE782EB-3F6D-4008-B8F3-B7885206AA29}.Debug|Any CPU.ActiveCfg = Debug|Any CPU
		{6EE782EB-3F6D-4008-B8F3-B7885206AA29}.Debug|Any CPU.Build.0 = Debug|Any CPU
		{6EE782EB-3F6D-4008-B8F3-B7885206AA29}.Debug|x64.ActiveCfg = Debug|Any CPU
		{6EE782EB-3F6D-4008-B8F3-B7885206AA29}.Debug|x64.Build.0 = Debug|Any CPU
		{6EE782EB-3F6D-4008-B8F3-B7885206AA29}.Debug|x86.ActiveCfg = Debug|Any CPU
		{6EE782EB-3F6D-4008-B8F3-B7885206AA29}.Debug|x86.Build.0 = Debug|Any CPU
		{6EE782EB-3F6D-4008-B8F3-B7885206AA29}.Release|Any CPU.ActiveCfg = Release|Any CPU
		{6EE782EB-3F6D-4008-B8F3-B7885206AA29}.Release|Any CPU.Build.0 = Release|Any CPU
		{6EE782EB-3F6D-4008-B8F3-B7885206AA29}.Release|x64.ActiveCfg = Release|Any CPU
		{6EE782EB-3F6D-4008-B8F3-B7885206AA29}.Release|x64.Build.0 = Release|Any CPU
		{6EE782EB-3F6D-4008-B8F3-B7885206AA29}.Release|x86.ActiveCfg = Release|Any CPU
		{6EE782EB-3F6D-4008-B8F3-B7885206AA29}.Release|x86.Build.0 = Release|Any CPU
		{3EBAB693-B422-4AFB-8BA5-54DC491912B4}.Debug|Any CPU.ActiveCfg = Debug|Any CPU
		{3EBAB693-B422-4AFB-8BA5-54DC491912B4}.Debug|Any CPU.Build.0 = Debug|Any CPU
		{3EBAB693-B422-4AFB-8BA5-54DC491912B4}.Debug|x64.ActiveCfg = Debug|Any CPU
		{3EBAB693-B422-4AFB-8BA5-54DC491912B4}.Debug|x64.Build.0 = Debug|Any CPU
		{3EBAB693-B422-4AFB-8BA5-54DC491912B4}.Debug|x86.ActiveCfg = Debug|Any CPU
		{3EBAB693-B422-4AFB-8BA5-54DC491912B4}.Debug|x86.Build.0 = Debug|Any CPU
		{3EBAB693-B422-4AFB-8BA5-54DC491912B4}.Release|Any CPU.ActiveCfg = Release|Any CPU
		{3EBAB693-B422-4AFB-8BA5-54DC491912B4}.Release|Any CPU.Build.0 = Release|Any CPU
		{3EBAB693-B422-4AFB-8BA5-54DC491912B4}.Release|x64.ActiveCfg = Release|Any CPU
		{3EBAB693-B422-4AFB-8BA5-54DC491912B4}.Release|x64.Build.0 = Release|Any CPU
		{3EBAB693-B422-4AFB-8BA5-54DC491912B4}.Release|x86.ActiveCfg = Release|Any CPU
		{3EBAB693-B422-4AFB-8BA5-54DC491912B4}.Release|x86.Build.0 = Release|Any CPU
	EndGlobalSection
	GlobalSection(SolutionProperties) = preSolution
		HideSolutionNode = FALSE
	EndGlobalSection
	GlobalSection(ExtensibilityGlobals) = postSolution
		SolutionGuid = {6E56E71A-CB1D-49DB-8361-ACE89AE3709D}
	EndGlobalSection
	GlobalSection(NestedProjects) = preSolution
		{3EBAB693-B422-4AFB-8BA5-54DC491912B4} = {214C449E-0985-4D6E-B2A5-6829AB22A988}
		{6EE782EB-3F6D-4008-B8F3-B7885206AA29} = {F8558DF4-61C5-43F5-ABD3-B8716CB4D53B}
	EndGlobalSection
EndGlobal
